
Microsoft Visual Studio Solution File, Format Version 12.00
# Visual Studio 15
VisualStudioVersion = 15.0.26430.16
MinimumVisualStudioVersion = 10.0.40219.1
Project("{FAE04EC0-301F-11D3-BF4B-00C04F79EFBC}") = "ComicBookLibraryManager", "ComicBookLibraryManager\ComicBookLibraryManager.csproj", "{D30BE089-4B9E-4532-ABE8-5F33EF03C585}"
EndProject
Project("{FAE04EC0-301F-11D3-BF4B-00C04F79EFBC}") = "ComicBookShared", "ComicBookShared\ComicBookShared.csproj", "{261980B0-18AC-454B-B8C1-01AB77B5EE77}"
EndProject
Project("{FAE04EC0-301F-11D3-BF4B-00C04F79EFBC}") = "ComicBookLibraryManagerWebApp", "ComicBookLibraryManagerWebApp\ComicBookLibraryManagerWebApp.csproj", "{636FF3B4-0053-4E08-AD93-CDF2886002E2}"
EndProject
Global
	GlobalSection(SolutionConfigurationPlatforms) = preSolution
		Debug|Any CPU = Debug|Any CPU
		Release|Any CPU = Release|Any CPU
	EndGlobalSection
	GlobalSection(ProjectConfigurationPlatforms) = postSolution
		{D30BE089-4B9E-4532-ABE8-5F33EF03C585}.Debug|Any CPU.ActiveCfg = Debug|Any CPU
		{D30BE089-4B9E-4532-ABE8-5F33EF03C585}.Debug|Any CPU.Build.0 = Debug|Any CPU
		{D30BE089-4B9E-4532-ABE8-5F33EF03C585}.Release|Any CPU.ActiveCfg = Release|Any CPU
		{D30BE089-4B9E-4532-ABE8-5F33EF03C585}.Release|Any CPU.Build.0 = Release|Any CPU
		{261980B0-18AC-454B-B8C1-01AB77B5EE77}.Debug|Any CPU.ActiveCfg = Debug|Any CPU
		{261980B0-18AC-454B-B8C1-01AB77B5EE77}.Debug|Any CPU.Build.0 = Debug|Any CPU
		{261980B0-18AC-454B-B8C1-01AB77B5EE77}.Release|Any CPU.ActiveCfg = Release|Any CPU
		{261980B0-18AC-454B-B8C1-01AB77B5EE77}.Release|Any CPU.Build.0 = Release|Any CPU
		{636FF3B4-0053-4E08-AD93-CDF2886002E2}.Debug|Any CPU.ActiveCfg = Debug|Any CPU
		{636FF3B4-0053-4E08-AD93-CDF2886002E2}.Debug|Any CPU.Build.0 = Debug|Any CPU
		{636FF3B4-0053-4E08-AD93-CDF2886002E2}.Release|Any CPU.ActiveCfg = Release|Any CPU
		{636FF3B4-0053-4E08-AD93-CDF2886002E2}.Release|Any CPU.Build.0 = Release|Any CPU
	EndGlobalSection
	GlobalSection(SolutionProperties) = preSolution
		HideSolutionNode = FALSE
	EndGlobalSection
EndGlobal
